
Microsoft Visual Studio Solution File, Format Version 12.00
# Visual Studio Version 16
VisualStudioVersion = 16.0.30621.155
MinimumVisualStudioVersion = 10.0.40219.1
Project("{9A19103F-16F7-4668-BE54-9A1E7A4F7556}") = "EFDemo.ConsoleApp", "EFDemo.ConsoleApp\EFDemo.ConsoleApp.csproj", "{1879DBB8-67F9-4BD8-9C5F-7EC4E7EAF368}"
EndProject
Global
	GlobalSection(SolutionConfigurationPlatforms) = preSolution
		Debug|Any CPU = Debug|Any CPU
		Release|Any CPU = Release|Any CPU
	EndGlobalSection
	GlobalSection(ProjectConfigurationPlatforms) = postSolution
		{1879DBB8-67F9-4BD8-9C5F-7EC4E7EAF368}.Debug|Any CPU.ActiveCfg = Debug|Any CPU
		{1879DBB8-67F9-4BD8-9C5F-7EC4E7EAF368}.Debug|Any CPU.Build.0 = Debug|Any CPU
		{1879DBB8-67F9-4BD8-9C5F-7EC4E7EAF368}.Release|Any CPU.ActiveCfg = Release|Any CPU
		{1879DBB8-67F9-4BD8-9C5F-7EC4E7EAF368}.Release|Any CPU.Build.0 = Release|Any CPU
	EndGlobalSection
	GlobalSection(SolutionProperties) = preSolution
		HideSolutionNode = FALSE
	EndGlobalSection
	GlobalSection(ExtensibilityGlobals) = postSolution
		SolutionGuid = {F66A77AE-D9C8-4B68-8155-95737E37AC4B}
	EndGlobalSection
EndGlobal
